// !$*UTF8*$!
{
	archiveVersion = 1;
	classes = {
	};
	objectVersion = 50;
	objects = {

/* Begin PBXBuildFile section */
		7665033E252DB30F00D1C793 /* Broker.m in Sources */ = {isa = PBXBuildFile; fileRef = 7665033D252DB30F00D1C793 /* Broker.m */; };
		CF2632E12520676B005C533B /* Student.m in Sources */ = {isa = PBXBuildFile; fileRef = CF2632E02520676B005C533B /* Student.m */; };
		CF2C8DB8251C726800E83F9D /* Car.m in Sources */ = {isa = PBXBuildFile; fileRef = CF2C8DB7251C726800E83F9D /* Car.m */; };
		CF49FDF62512F7D80074EF18 /* main.m in Sources */ = {isa = PBXBuildFile; fileRef = CF49FDF52512F7D80074EF18 /* main.m */; };
		CF49FDFE2512F93C0074EF18 /* Person.m in Sources */ = {isa = PBXBuildFile; fileRef = CF49FDFD2512F93C0074EF18 /* Person.m */; };
/* End PBXBuildFile section */

/* Begin PBXCopyFilesBuildPhase section */
		CF49FDF02512F7D70074EF18 /* CopyFiles */ = {
			isa = PBXCopyFilesBuildPhase;
			buildActionMask = 2147483647;
			dstPath = /usr/share/man/man1/;
			dstSubfolderSpec = 0;
			files = (
			);
			runOnlyForDeploymentPostprocessing = 1;
		};
/* End PBXCopyFilesBuildPhase section */

/* Begin PBXFileReference section */
		7665033C252DB30F00D1C793 /* Broker.h */ = {isa = PBXFileReference; lastKnownFileType = sourcecode.c.h; path = Broker.h; sourceTree = "<group>"; };
		7665033D252DB30F00D1C793 /* Broker.m */ = {isa = PBXFileReference; lastKnownFileType = sourcecode.c.objc; path = Broker.m; sourceTree = "<group>"; };
		CF2632DF2520676B005C533B /* Student.h */ = {isa = PBXFileReference; lastKnownFileType = sourcecode.c.h; path = Student.h; sourceTree = "<group>"; };
		CF2632E02520676B005C533B /* Student.m */ = {isa = PBXFileReference; lastKnownFileType = sourcecode.c.objc; path = Student.m; sourceTree = "<group>"; };
		CF2C8DB6251C726800E83F9D /* Car.h */ = {isa = PBXFileReference; lastKnownFileType = sourcecode.c.h; path = Car.h; sourceTree = "<group>"; };
		CF2C8DB7251C726800E83F9D /* Car.m */ = {isa = PBXFileReference; lastKnownFileType = sourcecode.c.objc; path = Car.m; sourceTree = "<group>"; };
		CF49FDF22512F7D80074EF18 /* learn-OC */ = {isa = PBXFileReference; explicitFileType = "compiled.mach-o.executable"; includeInIndex = 0; path = "learn-OC"; sourceTree = BUILT_PRODUCTS_DIR; };
		CF49FDF52512F7D80074EF18 /* main.m */ = {isa = PBXFileReference; lastKnownFileType = sourcecode.c.objc; path = main.m; sourceTree = "<group>"; };
		CF49FDFC2512F93C0074EF18 /* Person.h */ = {isa = PBXFileReference; lastKnownFileType = sourcecode.c.h; path = Person.h; sourceTree = "<group>"; };
		CF49FDFD2512F93C0074EF18 /* Person.m */ = {isa = PBXFileReference; lastKnownFileType = sourcecode.c.objc; path = Person.m; sourceTree = "<group>"; };
/* End PBXFileReference section */

/* Begin PBXFrameworksBuildPhase section */
		CF49FDEF2512F7D70074EF18 /* Frameworks */ = {
			isa = PBXFrameworksBuildPhase;
			buildActionMask = 2147483647;
			files = (
			);
			runOnlyForDeploymentPostprocessing = 0;
		};
/* End PBXFrameworksBuildPhase section */

/* Begin PBXGroup section */
		CF49FDE92512F7D70074EF18 = {
			isa = PBXGroup;
			children = (
				CF49FDF42512F7D80074EF18 /* learn-OC */,
				CF49FDF32512F7D80074EF18 /* Products */,
			);
			sourceTree = "<group>";
		};
		CF49FDF32512F7D80074EF18 /* Products */ = {
			isa = PBXGroup;
			children = (
				CF49FDF22512F7D80074EF18 /* learn-OC */,
			);
			name = Products;
			sourceTree = "<group>";
		};
		CF49FDF42512F7D80074EF18 /* learn-OC */ = {
			isa = PBXGroup;
			children = (
				CF49FDF52512F7D80074EF18 /* main.m */,
				CF2C8DB6251C726800E83F9D /* Car.h */,
				CF2C8DB7251C726800E83F9D /* Car.m */,
				CF2632DF2520676B005C533B /* Student.h */,
				CF2632E02520676B005C533B /* Student.m */,
				CF49FDFC2512F93C0074EF18 /* Person.h */,
				CF49FDFD2512F93C0074EF18 /* Person.m */,
				7665033C252DB30F00D1C793 /* Broker.h */,
				7665033D252DB30F00D1C793 /* Broker.m */,
			);
			path = "learn-OC";
			sourceTree = "<group>";
		};
/* End PBXGroup section */

/* Begin PBXNativeTarget section */
		CF49FDF12512F7D70074EF18 /* learn-OC */ = {
			isa = PBXNativeTarget;
			buildConfigurationList = CF49FDF92512F7D80074EF18 /* Build configuration list for PBXNativeTarget "learn-OC" */;
			buildPhases = (
				CF49FDEE2512F7D70074EF18 /* Sources */,
				CF49FDEF2512F7D70074EF18 /* Frameworks */,
				CF49FDF02512F7D70074EF18 /* CopyFiles */,
			);
			buildRules = (
			);
			dependencies = (
			);
			name = "learn-OC";
			productName = "learn-OC";
			productReference = CF49FDF22512F7D80074EF18 /* learn-OC */;
			productType = "com.apple.product-type.tool";
		};
/* End PBXNativeTarget section */

/* Begin PBXProject section */
		CF49FDEA2512F7D70074EF18 /* Project object */ = {
			isa = PBXProject;
			attributes = {
				LastUpgradeCheck = 1170;
				ORGANIZATIONNAME = weixiaolin;
				TargetAttributes = {
					CF49FDF12512F7D70074EF18 = {
						CreatedOnToolsVersion = 11.7;
					};
				};
			};
			buildConfigurationList = CF49FDED2512F7D70074EF18 /* Build configuration list for PBXProject "learn-OC" */;
			compatibilityVersion = "Xcode 9.3";
			developmentRegion = en;
			hasScannedForEncodings = 0;
			knownRegions = (
				en,
				Base,
			);
			mainGroup = CF49FDE92512F7D70074EF18;
			productRefGroup = CF49FDF32512F7D80074EF18 /* Products */;
			projectDirPath = "";
			projectRoot = "";
			targets = (
				CF49FDF12512F7D70074EF18 /* learn-OC */,
			);
		};
/* End PBXProject section */

/* Begin PBXSourcesBuildPhase section */
		CF49FDEE2512F7D70074EF18 /* Sources */ = {
			isa = PBXSourcesBuildPhase;
			buildActionMask = 2147483647;
			files = (
				CF2C8DB8251C726800E83F9D /* Car.m in Sources */,
				CF49FDFE2512F93C0074EF18 /* Person.m in Sources */,
				CF49FDF62512F7D80074EF18 /* main.m in Sources */,
				CF2632E12520676B005C533B /* Student.m in Sources */,
				7665033E252DB30F00D1C793 /* Broker.m in Sources */,
			);
			runOnlyForDeploymentPostprocessing = 0;
		};
/* End PBXSourcesBuildPhase section */

/* Begin XCBuildConfiguration section */
		CF49FDF72512F7D80074EF18 /* Debug */ = {
			isa = XCBuildConfiguration;
			buildSettings = {
				ALWAYS_SEARCH_USER_PATHS = NO;
				CLANG_ANALYZER_NONNULL = YES;
				CLANG_ANALYZER_NUMBER_OBJECT_CONVERSION = YES_AGGRESSIVE;
				CLANG_CXX_LANGUAGE_STANDARD = "gnu++14";
				CLANG_CXX_LIBRARY = "libc++";
				CLANG_ENABLE_MODULES = YES;
				CLANG_ENABLE_OBJC_ARC = YES;
				CLANG_ENABLE_OBJC_WEAK = YES;
				CLANG_WARN_BLOCK_CAPTURE_AUTORELEASING = YES;
				CLANG_WARN_BOOL_CONVERSION = YES;
				CLANG_WARN_COMMA = YES;
				CLANG_WARN_CONSTANT_CONVERSION = YES;
				CLANG_WARN_DEPRECATED_OBJC_IMPLEMENTATIONS = YES;
				CLANG_WARN_DIRECT_OBJC_ISA_USAGE = YES_ERROR;
				CLANG_WARN_DOCUMENTATION_COMMENTS = YES;
				CLANG_WARN_EMPTY_BODY = YES;
				CLANG_WARN_ENUM_CONVERSION = YES;
				CLANG_WARN_INFINITE_RECURSION = YES;
				CLANG_WARN_INT_CONVERSION = YES;
				CLANG_WARN_NON_LITERAL_NULL_CONVERSION = YES;
				CLANG_WARN_OBJC_IMPLICIT_RETAIN_SELF = YES;
				CLANG_WARN_OBJC_LITERAL_CONVERSION = YES;
				CLANG_WARN_OBJC_ROOT_CLASS = YES_ERROR;
				CLANG_WARN_RANGE_LOOP_ANALYSIS = YES;
				CLANG_WARN_STRICT_PROTOTYPES = YES;
				CLANG_WARN_SUSPICIOUS_MOVE = YES;
				CLANG_WARN_UNGUARDED_AVAILABILITY = YES_AGGRESSIVE;
				CLANG_WARN_UNREACHABLE_CODE = YES;
				CLANG_WARN__DUPLICATE_METHOD_MATCH = YES;
				COPY_PHASE_STRIP = NO;
				DEBUG_INFORMATION_FORMAT = dwarf;
				ENABLE_STRICT_OBJC_MSGSEND = YES;
				ENABLE_TESTABILITY = YES;
				GCC_C_LANGUAGE_STANDARD = gnu11;
				GCC_DYNAMIC_NO_PIC = NO;
				GCC_NO_COMMON_BLOCKS = YES;
				GCC_OPTIMIZATION_LEVEL = 0;
				GCC_PREPROCESSOR_DEFINITIONS = (
					"DEBUG=1",
					"$(inherited)",
				);
				GCC_WARN_64_TO_32_BIT_CONVERSION = YES;
				GCC_WARN_ABOUT_RETURN_TYPE = YES_ERROR;
				GCC_WARN_UNDECLARED_SELECTOR = YES;
				GCC_WARN_UNINITIALIZED_AUTOS = YES_AGGRESSIVE;
				GCC_WARN_UNUSED_FUNCTION = YES;
				GCC_WARN_UNUSED_VARIABLE = YES;
				MACOSX_DEPLOYMENT_TARGET = 10.15;
				MTL_ENABLE_DEBUG_INFO = INCLUDE_SOURCE;
				MTL_FAST_MATH = YES;
				ONLY_ACTIVE_ARCH = YES;
				SDKROOT = macosx;
			};
			name = Debug;
		};
		CF49FDF82512F7D80074EF18 /* Release */ = {
			isa = XCBuildConfiguration;
			buildSettings = {
				ALWAYS_SEARCH_USER_PATHS = NO;
				CLANG_ANALYZER_NONNULL = YES;
				CLANG_ANALYZER_NUMBER_OBJECT_CONVERSION = YES_AGGRESSIVE;
				CLANG_CXX_LANGUAGE_STANDARD = "gnu++14";
				CLANG_CXX_LIBRARY = "libc++";
				CLANG_ENABLE_MODULES = YES;
				CLANG_ENABLE_OBJC_ARC = YES;
				CLANG_ENABLE_OBJC_WEAK = YES;
				CLANG_WARN_BLOCK_CAPTURE_AUTORELEASING = YES;
				CLANG_WARN_BOOL_CONVERSION = YES;
				CLANG_WARN_COMMA = YES;
				CLANG_WARN_CONSTANT_CONVERSION = YES;
				CLANG_WARN_DEPRECATED_OBJC_IMPLEMENTATIONS = YES;
				CLANG_WARN_DIRECT_OBJC_ISA_USAGE = YES_ERROR;
				CLANG_WARN_DOCUMENTATION_COMMENTS = YES;
				CLANG_WARN_EMPTY_BODY = YES;
				CLANG_WARN_ENUM_CONVERSION = YES;
				CLANG_WARN_INFINITE_RECURSION = YES;
				CLANG_WARN_INT_CONVERSION = YES;
				CLANG_WARN_NON_LITERAL_NULL_CONVERSION = YES;
				CLANG_WARN_OBJC_IMPLICIT_RETAIN_SELF = YES;
				CLANG_WARN_OBJC_LITERAL_CONVERSION = YES;
				CLANG_WARN_OBJC_ROOT_CLASS = YES_ERROR;
				CLANG_WARN_RANGE_LOOP_ANALYSIS = YES;
				CLANG_WARN_STRICT_PROTOTYPES = YES;
				CLANG_WARN_SUSPICIOUS_MOVE = YES;
				CLANG_WARN_UNGUARDED_AVAILABILITY = YES_AGGRESSIVE;
				CLANG_WARN_UNREACHABLE_CODE = YES;
				CLANG_WARN__DUPLICATE_METHOD_MATCH = YES;
				COPY_PHASE_STRIP = NO;
				DEBUG_INFORMATION_FORMAT = "dwarf-with-dsym";
				ENABLE_NS_ASSERTIONS = NO;
				ENABLE_STRICT_OBJC_MSGSEND = YES;
				GCC_C_LANGUAGE_STANDARD = gnu11;
				GCC_NO_COMMON_BLOCKS = YES;
				GCC_WARN_64_TO_32_BIT_CONVERSION = YES;
				GCC_WARN_ABOUT_RETURN_TYPE = YES_ERROR;
				GCC_WARN_UNDECLARED_SELECTOR = YES;
				GCC_WARN_UNINITIALIZED_AUTOS = YES_AGGRESSIVE;
				GCC_WARN_UNUSED_FUNCTION = YES;
				GCC_WARN_UNUSED_VARIABLE = YES;
				MACOSX_DEPLOYMENT_TARGET = 10.15;
				MTL_ENABLE_DEBUG_INFO = NO;
				MTL_FAST_MATH = YES;
				SDKROOT = macosx;
			};
			name = Release;
		};
		CF49FDFA2512F7D80074EF18 /* Debug */ = {
			isa = XCBuildConfiguration;
			buildSettings = {
				CODE_SIGN_STYLE = Automatic;
				PRODUCT_NAME = "$(TARGET_NAME)";
			};
			name = Debug;
		};
		CF49FDFB2512F7D80074EF18 /* Release */ = {
			isa = XCBuildConfiguration;
			buildSettings = {
				CODE_SIGN_STYLE = Automatic;
				PRODUCT_NAME = "$(TARGET_NAME)";
			};
			name = Release;
		};
/* End XCBuildConfiguration section */

/* Begin XCConfigurationList section */
		CF49FDED2512F7D70074EF18 /* Build configuration list for PBXProject "learn-OC" */ = {
			isa = XCConfigurationList;
			buildConfigurations = (
				CF49FDF72512F7D80074EF18 /* Debug */,
				CF49FDF82512F7D80074EF18 /* Release */,
			);
			defaultConfigurationIsVisible = 0;
			defaultConfigurationName = Release;
		};
		CF49FDF92512F7D80074EF18 /* Build configuration list for PBXNativeTarget "learn-OC" */ = {
			isa = XCConfigurationList;
			buildConfigurations = (
				CF49FDFA2512F7D80074EF18 /* Debug */,
				CF49FDFB2512F7D80074EF18 /* Release */,
			);
			defaultConfigurationIsVisible = 0;
			defaultConfigurationName = Release;
		};
/* End XCConfigurationList section */
	};
	rootObject = CF49FDEA2512F7D70074EF18 /* Project object */;
}
